
Microsoft Visual Studio Solution File, Format Version 12.00
# Visual Studio 14
VisualStudioVersion = 14.0.25420.1
MinimumVisualStudioVersion = 10.0.40219.1
Project("{2150E333-8FDC-42A3-9474-1A3956D46DE8}") = "src", "src", "{7E0F285A-12AF-4727-8FD3-8DE6DCE9DC71}"
EndProject
Project("{2150E333-8FDC-42A3-9474-1A3956D46DE8}") = "Solution Items", "Solution Items", "{0A47AE14-D2B9-4DC9-9CAE-1EE610C3DE6E}"
	ProjectSection(SolutionItems) = preProject
		global.json = global.json
	EndProjectSection
EndProject
Project("{8BB2217D-0F2D-49D1-97BC-3654ED321F3B}") = "AcademyCalendarWebservice", "src\AcademyCalendarWebservice\AcademyCalendarWebservice.xproj", "{0937FEAF-6F47-44D6-8AEB-42022F6FD02D}"
EndProject
Project("{E24C65DC-7377-472B-9ABA-BC803B73C61A}") = "frontend", "frontend\", "{40FF64A5-6CEB-4243-A25A-2893BC8C80BC}"
	ProjectSection(WebsiteProperties) = preProject
		TargetFrameworkMoniker = ".NETFramework,Version%3Dv4.5.2"
		Debug.AspNetCompiler.VirtualPath = "/localhost_57249"
		Debug.AspNetCompiler.PhysicalPath = "frontend\"
		Debug.AspNetCompiler.TargetPath = "PrecompiledWeb\localhost_57249\"
		Debug.AspNetCompiler.Updateable = "true"
		Debug.AspNetCompiler.ForceOverwrite = "true"
		Debug.AspNetCompiler.FixedNames = "false"
		Debug.AspNetCompiler.Debug = "True"
		Release.AspNetCompiler.VirtualPath = "/localhost_57249"
		Release.AspNetCompiler.PhysicalPath = "frontend\"
		Release.AspNetCompiler.TargetPath = "PrecompiledWeb\localhost_57249\"
		Release.AspNetCompiler.Updateable = "true"
		Release.AspNetCompiler.ForceOverwrite = "true"
		Release.AspNetCompiler.FixedNames = "false"
		Release.AspNetCompiler.Debug = "False"
		VWDPort = "57249"
		SlnRelativePath = "frontend\"
		DefaultWebSiteLanguage = "Visual C#"
	EndProjectSection
EndProject
Global
	GlobalSection(SolutionConfigurationPlatforms) = preSolution
		Debug|Any CPU = Debug|Any CPU
		Release|Any CPU = Release|Any CPU
	EndGlobalSection
	GlobalSection(ProjectConfigurationPlatforms) = postSolution
		{0937FEAF-6F47-44D6-8AEB-42022F6FD02D}.Debug|Any CPU.ActiveCfg = Debug|Any CPU
		{0937FEAF-6F47-44D6-8AEB-42022F6FD02D}.Debug|Any CPU.Build.0 = Debug|Any CPU
		{0937FEAF-6F47-44D6-8AEB-42022F6FD02D}.Release|Any CPU.ActiveCfg = Release|Any CPU
		{0937FEAF-6F47-44D6-8AEB-42022F6FD02D}.Release|Any CPU.Build.0 = Release|Any CPU
		{40FF64A5-6CEB-4243-A25A-2893BC8C80BC}.Debug|Any CPU.ActiveCfg = Debug|Any CPU
		{40FF64A5-6CEB-4243-A25A-2893BC8C80BC}.Debug|Any CPU.Build.0 = Debug|Any CPU
		{40FF64A5-6CEB-4243-A25A-2893BC8C80BC}.Release|Any CPU.ActiveCfg = Debug|Any CPU
		{40FF64A5-6CEB-4243-A25A-2893BC8C80BC}.Release|Any CPU.Build.0 = Debug|Any CPU
	EndGlobalSection
	GlobalSection(SolutionProperties) = preSolution
		HideSolutionNode = FALSE
	EndGlobalSection
	GlobalSection(NestedProjects) = preSolution
		{0937FEAF-6F47-44D6-8AEB-42022F6FD02D} = {7E0F285A-12AF-4727-8FD3-8DE6DCE9DC71}
	EndGlobalSection
EndGlobal
